{
  "name": "seravo-wordpress",
  "version": "1.3.0",
  "lockfileVersion": 1,
  "requires": true,
  "dependencies": {
    "@wordpress/browserslist-config": {
      "version": "2.2.2",
      "resolved": "https://registry.npmjs.org/@wordpress/browserslist-config/-/browserslist-config-2.2.2.tgz",
      "integrity": "sha512-RZ9XeDeXTc/l3RdSnfYYwcsylFPouV+2ZpQQaAgALSXthMWJT2wU61zD4mH9aMI5Oo6Z8OUVI2vOZM/7HObPxw==",
      "dev": true
    }
  }
}
